{
  "name": "mango-cli-test",
  "version": "0.0.0",
  "lockfileVersion": 1,
  "requires": true,
  "dependencies": {
    "bootstrap": {
      "version": "4.3.1",
      "resolved": "https://registry.npmjs.org/bootstrap/-/bootstrap-4.3.1.tgz",
      "integrity": "sha512-rXqOmH1VilAt2DyPzluTi2blhk17bO7ef+zLLPlWvG494pDxcM234pJ8wTc/6R40UWizAIIMgxjvxZg5kmsbag=="
    },
    "bourbon": {
      "version": "4.3.4",
      "resolved": "https://registry.npmjs.org/bourbon/-/bourbon-4.3.4.tgz",
      "integrity": "sha1-TaOAAp6SwMj5dkx3lFGhNLEefMM="
    },
    "jquery": {
      "version": "3.4.1",
      "resolved": "https://registry.npmjs.org/jquery/-/jquery-3.4.1.tgz",
      "integrity": "sha512-36+AdBzCL+y6qjw5Tx7HgzeGCzC81MDDgaUP8ld2zhx58HdqXGoBd+tHdrBMiyjGQs0Hxs/MLZTu/eHNJJuWPw=="
    },
    "lt-ie-9": {
      "version": "0.1.2",
      "resolved": "https://registry.npmjs.org/lt-ie-9/-/lt-ie-9-0.1.2.tgz",
      "integrity": "sha512-gfASb44++yoclhtO21gIHB0gtbXeij80rIdbeETNMYs4E+e/hpW5JKH/6YurjXOzxmHQtLFC6oSz/BwU4kyjaQ=="
    },
    "normalize-scss": {
      "version": "7.0.1",
      "resolved": "https://registry.npmjs.org/normalize-scss/-/normalize-scss-7.0.1.tgz",
      "integrity": "sha512-qj16bWnYs+9/ac29IgGjySg4R5qQTp1lXfm7ApFOZNVBYFY8RZ3f8+XQNDDLHeDtI3Ba7Jj4+LuPgz9v/fne2A=="
    },
    "popper.js": {
      "version": "1.15.0",
      "resolved": "https://registry.npmjs.org/popper.js/-/popper.js-1.15.0.tgz",
      "integrity": "sha512-w010cY1oCUmI+9KwwlWki+r5jxKfTFDVoadl7MSrIujHU5MJ5OR6HTDj6Xo8aoR/QsA56x8jKjA59qGH4ELtrA=="
    },
    "stylus-normalize": {
      "version": "3.0.3",
      "resolved": "https://registry.npmjs.org/stylus-normalize/-/stylus-normalize-3.0.3.tgz",
      "integrity": "sha1-uuNscY+TCyC/dRNRQ247Ogy1fCM="
    }
  }
}
